
Microsoft Visual Studio Solution File, Format Version 12.00
# Visual Studio Version 17
VisualStudioVersion = 17.10.35013.160
MinimumVisualStudioVersion = 10.0.40219.1
Project("{FAE04EC0-301F-11D3-BF4B-00C04F79EFBC}") = "Math Quiz", "Math Quiz\Math Quiz.csproj", "{90140228-7032-4481-AE1E-27A2C88695F6}"
EndProject
Global
	GlobalSection(SolutionConfigurationPlatforms) = preSolution
		Debug|Any CPU = Debug|Any CPU
		Release|Any CPU = Release|Any CPU
	EndGlobalSection
	GlobalSection(ProjectConfigurationPlatforms) = postSolution
		{90140228-7032-4481-AE1E-27A2C88695F6}.Debug|Any CPU.ActiveCfg = Debug|Any CPU
		{90140228-7032-4481-AE1E-27A2C88695F6}.Debug|Any CPU.Build.0 = Debug|Any CPU
		{90140228-7032-4481-AE1E-27A2C88695F6}.Release|Any CPU.ActiveCfg = Release|Any CPU
		{90140228-7032-4481-AE1E-27A2C88695F6}.Release|Any CPU.Build.0 = Release|Any CPU
	EndGlobalSection
	GlobalSection(SolutionProperties) = preSolution
		HideSolutionNode = FALSE
	EndGlobalSection
	GlobalSection(ExtensibilityGlobals) = postSolution
		SolutionGuid = {97EC161C-1AB0-4DB8-875F-DE653467DFDD}
	EndGlobalSection
EndGlobal
